
Microsoft Visual Studio Solution File, Format Version 12.00
# Visual Studio 15
VisualStudioVersion = 15.0.27703.2026
MinimumVisualStudioVersion = 10.0.40219.1
Project("{9A19103F-16F7-4668-BE54-9A1E7A4F7556}") = "MemStache", "MemStache\MemStache.csproj", "{1BF10E69-7F32-46AA-8101-7A4B10F145F3}"
EndProject
Project("{9A19103F-16F7-4668-BE54-9A1E7A4F7556}") = "MemStache.UnitTests", "MemStache.UnitTests\MemStache.UnitTests.csproj", "{52673AB7-BB2E-4D62-A5FC-3D0B338683DB}"
EndProject
Project("{9A19103F-16F7-4668-BE54-9A1E7A4F7556}") = "MemStache.Mobile", "MemStache.Mobile\MemStache.Mobile\MemStache.Mobile.csproj", "{E2AF6B23-422E-4144-B8A3-1DC04BAFBE31}"
EndProject
Project("{2150E333-8FDC-42A3-9474-1A3956D46DE8}") = "MemStache.Mobile.Apps", "MemStache.Mobile.Apps", "{C8E4D643-F17A-4CD4-B8DD-774A5CF0EBDC}"
EndProject
Project("{FAE04EC0-301F-11D3-BF4B-00C04F79EFBC}") = "MemStache.Mobile.Android", "MemStache.Mobile\MemStache.Mobile.Android\MemStache.Mobile.Android.csproj", "{E46C59D5-A686-4DD5-BAF3-0A42A67698AD}"
EndProject
Project("{FAE04EC0-301F-11D3-BF4B-00C04F79EFBC}") = "MemStache.Mobile.iOS", "MemStache.Mobile\MemStache.Mobile.iOS\MemStache.Mobile.iOS.csproj", "{72592CF3-90A1-4662-9A63-C6EC323C1A64}"
EndProject
Project("{FAE04EC0-301F-11D3-BF4B-00C04F79EFBC}") = "MemStache.Mobile.UWP", "MemStache.Mobile\MemStache.Mobile.UWP\MemStache.Mobile.UWP.csproj", "{54EF1CE5-01E3-4551-A4D3-672EA5C17DB4}"
EndProject
Global
	GlobalSection(SolutionConfigurationPlatforms) = preSolution
		Ad-Hoc|Any CPU = Ad-Hoc|Any CPU
		Ad-Hoc|ARM = Ad-Hoc|ARM
		Ad-Hoc|iPhone = Ad-Hoc|iPhone
		Ad-Hoc|iPhoneSimulator = Ad-Hoc|iPhoneSimulator
		Ad-Hoc|x64 = Ad-Hoc|x64
		Ad-Hoc|x86 = Ad-Hoc|x86
		AppStore|Any CPU = AppStore|Any CPU
		AppStore|ARM = AppStore|ARM
		AppStore|iPhone = AppStore|iPhone
		AppStore|iPhoneSimulator = AppStore|iPhoneSimulator
		AppStore|x64 = AppStore|x64
		AppStore|x86 = AppStore|x86
		Debug|Any CPU = Debug|Any CPU
		Debug|ARM = Debug|ARM
		Debug|iPhone = Debug|iPhone
		Debug|iPhoneSimulator = Debug|iPhoneSimulator
		Debug|x64 = Debug|x64
		Debug|x86 = Debug|x86
		Release|Any CPU = Release|Any CPU
		Release|ARM = Release|ARM
		Release|iPhone = Release|iPhone
		Release|iPhoneSimulator = Release|iPhoneSimulator
		Release|x64 = Release|x64
		Release|x86 = Release|x86
	EndGlobalSection
	GlobalSection(ProjectConfigurationPlatforms) = postSolution
		{1BF10E69-7F32-46AA-8101-7A4B10F145F3}.Ad-Hoc|Any CPU.ActiveCfg = Release|Any CPU
		{1BF10E69-7F32-46AA-8101-7A4B10F145F3}.Ad-Hoc|Any CPU.Build.0 = Release|Any CPU
		{1BF10E69-7F32-46AA-8101-7A4B10F145F3}.Ad-Hoc|ARM.ActiveCfg = Release|Any CPU
		{1BF10E69-7F32-46AA-8101-7A4B10F145F3}.Ad-Hoc|ARM.Build.0 = Release|Any CPU
		{1BF10E69-7F32-46AA-8101-7A4B10F145F3}.Ad-Hoc|iPhone.ActiveCfg = Release|Any CPU
		{1BF10E69-7F32-46AA-8101-7A4B10F145F3}.Ad-Hoc|iPhone.Build.0 = Release|Any CPU
		{1BF10E69-7F32-46AA-8101-7A4B10F145F3}.Ad-Hoc|iPhoneSimulator.ActiveCfg = Release|Any CPU
		{1BF10E69-7F32-46AA-8101-7A4B10F145F3}.Ad-Hoc|iPhoneSimulator.Build.0 = Release|Any CPU
		{1BF10E69-7F32-46AA-8101-7A4B10F145F3}.Ad-Hoc|x64.ActiveCfg = Release|Any CPU
		{1BF10E69-7F32-46AA-8101-7A4B10F145F3}.Ad-Hoc|x64.Build.0 = Release|Any CPU
		{1BF10E69-7F32-46AA-8101-7A4B10F145F3}.Ad-Hoc|x86.ActiveCfg = Release|Any CPU
		{1BF10E69-7F32-46AA-8101-7A4B10F145F3}.Ad-Hoc|x86.Build.0 = Release|Any CPU
		{1BF10E69-7F32-46AA-8101-7A4B10F145F3}.AppStore|Any CPU.ActiveCfg = Release|Any CPU
		{1BF10E69-7F32-46AA-8101-7A4B10F145F3}.AppStore|Any CPU.Build.0 = Release|Any CPU
		{1BF10E69-7F32-46AA-8101-7A4B10F145F3}.AppStore|ARM.ActiveCfg = Release|Any CPU
		{1BF10E69-7F32-46AA-8101-7A4B10F145F3}.AppStore|ARM.Build.0 = Release|Any CPU
		{1BF10E69-7F32-46AA-8101-7A4B10F145F3}.AppStore|iPhone.ActiveCfg = Release|Any CPU
		{1BF10E69-7F32-46AA-8101-7A4B10F145F3}.AppStore|iPhone.Build.0 = Release|Any CPU
		{1BF10E69-7F32-46AA-8101-7A4B10F145F3}.AppStore|iPhoneSimulator.ActiveCfg = Release|Any CPU
		{1BF10E69-7F32-46AA-8101-7A4B10F145F3}.AppStore|iPhoneSimulator.Build.0 = Release|Any CPU
		{1BF10E69-7F32-46AA-8101-7A4B10F145F3}.AppStore|x64.ActiveCfg = Release|Any CPU
		{1BF10E69-7F32-46AA-8101-7A4B10F145F3}.AppStore|x64.Build.0 = Release|Any CPU
		{1BF10E69-7F32-46AA-8101-7A4B10F145F3}.AppStore|x86.ActiveCfg = Release|Any CPU
		{1BF10E69-7F32-46AA-8101-7A4B10F145F3}.AppStore|x86.Build.0 = Release|Any CPU
		{1BF10E69-7F32-46AA-8101-7A4B10F145F3}.Debug|Any CPU.ActiveCfg = Debug|Any CPU
		{1BF10E69-7F32-46AA-8101-7A4B10F145F3}.Debug|Any CPU.Build.0 = Debug|Any CPU
		{1BF10E69-7F32-46AA-8101-7A4B10F145F3}.Debug|ARM.ActiveCfg = Debug|Any CPU
		{1BF10E69-7F32-46AA-8101-7A4B10F145F3}.Debug|ARM.Build.0 = Debug|Any CPU
		{1BF10E69-7F32-46AA-8101-7A4B10F145F3}.Debug|iPhone.ActiveCfg = Debug|Any CPU
		{1BF10E69-7F32-46AA-8101-7A4B10F145F3}.Debug|iPhone.Build.0 = Debug|Any CPU
		{1BF10E69-7F32-46AA-8101-7A4B10F145F3}.Debug|iPhoneSimulator.ActiveCfg = Debug|Any CPU
		{1BF10E69-7F32-46AA-8101-7A4B10F145F3}.Debug|iPhoneSimulator.Build.0 = Debug|Any CPU
		{1BF10E69-7F32-46AA-8101-7A4B10F145F3}.Debug|x64.ActiveCfg = Debug|Any CPU
		{1BF10E69-7F32-46AA-8101-7A4B10F145F3}.Debug|x64.Build.0 = Debug|Any CPU
		{1BF10E69-7F32-46AA-8101-7A4B10F145F3}.Debug|x86.ActiveCfg = Debug|Any CPU
		{1BF10E69-7F32-46AA-8101-7A4B10F145F3}.Debug|x86.Build.0 = Debug|Any CPU
		{1BF10E69-7F32-46AA-8101-7A4B10F145F3}.Release|Any CPU.ActiveCfg = Release|Any CPU
		{1BF10E69-7F32-46AA-8101-7A4B10F145F3}.Release|Any CPU.Build.0 = Release|Any CPU
		{1BF10E69-7F32-46AA-8101-7A4B10F145F3}.Release|ARM.ActiveCfg = Release|Any CPU
		{1BF10E69-7F32-46AA-8101-7A4B10F145F3}.Release|ARM.Build.0 = Release|Any CPU
		{1BF10E69-7F32-46AA-8101-7A4B10F145F3}.Release|iPhone.ActiveCfg = Release|Any CPU
		{1BF10E69-7F32-46AA-8101-7A4B10F145F3}.Release|iPhone.Build.0 = Release|Any CPU
		{1BF10E69-7F32-46AA-8101-7A4B10F145F3}.Release|iPhoneSimulator.ActiveCfg = Release|Any CPU
		{1BF10E69-7F32-46AA-8101-7A4B10F145F3}.Release|iPhoneSimulator.Build.0 = Release|Any CPU
		{1BF10E69-7F32-46AA-8101-7A4B10F145F3}.Release|x64.ActiveCfg = Release|Any CPU
		{1BF10E69-7F32-46AA-8101-7A4B10F145F3}.Release|x64.Build.0 = Release|Any CPU
		{1BF10E69-7F32-46AA-8101-7A4B10F145F3}.Release|x86.ActiveCfg = Release|Any CPU
		{1BF10E69-7F32-46AA-8101-7A4B10F145F3}.Release|x86.Build.0 = Release|Any CPU
		{52673AB7-BB2E-4D62-A5FC-3D0B338683DB}.Ad-Hoc|Any CPU.ActiveCfg = Release|Any CPU
		{52673AB7-BB2E-4D62-A5FC-3D0B338683DB}.Ad-Hoc|Any CPU.Build.0 = Release|Any CPU
		{52673AB7-BB2E-4D62-A5FC-3D0B338683DB}.Ad-Hoc|ARM.ActiveCfg = Release|Any CPU
		{52673AB7-BB2E-4D62-A5FC-3D0B338683DB}.Ad-Hoc|ARM.Build.0 = Release|Any CPU
		{52673AB7-BB2E-4D62-A5FC-3D0B338683DB}.Ad-Hoc|iPhone.ActiveCfg = Release|Any CPU
		{52673AB7-BB2E-4D62-A5FC-3D0B338683DB}.Ad-Hoc|iPhone.Build.0 = Release|Any CPU
		{52673AB7-BB2E-4D62-A5FC-3D0B338683DB}.Ad-Hoc|iPhoneSimulator.ActiveCfg = Release|Any CPU
		{52673AB7-BB2E-4D62-A5FC-3D0B338683DB}.Ad-Hoc|iPhoneSimulator.Build.0 = Release|Any CPU
		{52673AB7-BB2E-4D62-A5FC-3D0B338683DB}.Ad-Hoc|x64.ActiveCfg = Release|Any CPU
		{52673AB7-BB2E-4D62-A5FC-3D0B338683DB}.Ad-Hoc|x64.Build.0 = Release|Any CPU
		{52673AB7-BB2E-4D62-A5FC-3D0B338683DB}.Ad-Hoc|x86.ActiveCfg = Release|Any CPU
		{52673AB7-BB2E-4D62-A5FC-3D0B338683DB}.Ad-Hoc|x86.Build.0 = Release|Any CPU
		{52673AB7-BB2E-4D62-A5FC-3D0B338683DB}.AppStore|Any CPU.ActiveCfg = Release|Any CPU
		{52673AB7-BB2E-4D62-A5FC-3D0B338683DB}.AppStore|Any CPU.Build.0 = Release|Any CPU
		{52673AB7-BB2E-4D62-A5FC-3D0B338683DB}.AppStore|ARM.ActiveCfg = Release|Any CPU
		{52673AB7-BB2E-4D62-A5FC-3D0B338683DB}.AppStore|ARM.Build.0 = Release|Any CPU
		{52673AB7-BB2E-4D62-A5FC-3D0B338683DB}.AppStore|iPhone.ActiveCfg = Release|Any CPU
		{52673AB7-BB2E-4D62-A5FC-3D0B338683DB}.AppStore|iPhone.Build.0 = Release|Any CPU
		{52673AB7-BB2E-4D62-A5FC-3D0B338683DB}.AppStore|iPhoneSimulator.ActiveCfg = Release|Any CPU
		{52673AB7-BB2E-4D62-A5FC-3D0B338683DB}.AppStore|iPhoneSimulator.Build.0 = Release|Any CPU
		{52673AB7-BB2E-4D62-A5FC-3D0B338683DB}.AppStore|x64.ActiveCfg = Release|Any CPU
		{52673AB7-BB2E-4D62-A5FC-3D0B338683DB}.AppStore|x64.Build.0 = Release|Any CPU
		{52673AB7-BB2E-4D62-A5FC-3D0B338683DB}.AppStore|x86.ActiveCfg = Release|Any CPU
		{52673AB7-BB2E-4D62-A5FC-3D0B338683DB}.AppStore|x86.Build.0 = Release|Any CPU
		{52673AB7-BB2E-4D62-A5FC-3D0B338683DB}.Debug|Any CPU.ActiveCfg = Debug|Any CPU
		{52673AB7-BB2E-4D62-A5FC-3D0B338683DB}.Debug|Any CPU.Build.0 = Debug|Any CPU
		{52673AB7-BB2E-4D62-A5FC-3D0B338683DB}.Debug|ARM.ActiveCfg = Debug|Any CPU
		{52673AB7-BB2E-4D62-A5FC-3D0B338683DB}.Debug|ARM.Build.0 = Debug|Any CPU
		{52673AB7-BB2E-4D62-A5FC-3D0B338683DB}.Debug|iPhone.ActiveCfg = Debug|Any CPU
		{52673AB7-BB2E-4D62-A5FC-3D0B338683DB}.Debug|iPhone.Build.0 = Debug|Any CPU
		{52673AB7-BB2E-4D62-A5FC-3D0B338683DB}.Debug|iPhoneSimulator.ActiveCfg = Debug|Any CPU
		{52673AB7-BB2E-4D62-A5FC-3D0B338683DB}.Debug|iPhoneSimulator.Build.0 = Debug|Any CPU
		{52673AB7-BB2E-4D62-A5FC-3D0B338683DB}.Debug|x64.ActiveCfg = Debug|Any CPU
		{52673AB7-BB2E-4D62-A5FC-3D0B338683DB}.Debug|x64.Build.0 = Debug|Any CPU
		{52673AB7-BB2E-4D62-A5FC-3D0B338683DB}.Debug|x86.ActiveCfg = Debug|Any CPU
		{52673AB7-BB2E-4D62-A5FC-3D0B338683DB}.Debug|x86.Build.0 = Debug|Any CPU
		{52673AB7-BB2E-4D62-A5FC-3D0B338683DB}.Release|Any CPU.ActiveCfg = Release|Any CPU
		{52673AB7-BB2E-4D62-A5FC-3D0B338683DB}.Release|Any CPU.Build.0 = Release|Any CPU
		{52673AB7-BB2E-4D62-A5FC-3D0B338683DB}.Release|ARM.ActiveCfg = Release|Any CPU
		{52673AB7-BB2E-4D62-A5FC-3D0B338683DB}.Release|ARM.Build.0 = Release|Any CPU
		{52673AB7-BB2E-4D62-A5FC-3D0B338683DB}.Release|iPhone.ActiveCfg = Release|Any CPU
		{52673AB7-BB2E-4D62-A5FC-3D0B338683DB}.Release|iPhone.Build.0 = Release|Any CPU
		{52673AB7-BB2E-4D62-A5FC-3D0B338683DB}.Release|iPhoneSimulator.ActiveCfg = Release|Any CPU
		{52673AB7-BB2E-4D62-A5FC-3D0B338683DB}.Release|iPhoneSimulator.Build.0 = Release|Any CPU
		{52673AB7-BB2E-4D62-A5FC-3D0B338683DB}.Release|x64.ActiveCfg = Release|Any CPU
		{52673AB7-BB2E-4D62-A5FC-3D0B338683DB}.Release|x64.Build.0 = Release|Any CPU
		{52673AB7-BB2E-4D62-A5FC-3D0B338683DB}.Release|x86.ActiveCfg = Release|Any CPU
		{52673AB7-BB2E-4D62-A5FC-3D0B338683DB}.Release|x86.Build.0 = Release|Any CPU
		{E2AF6B23-422E-4144-B8A3-1DC04BAFBE31}.Ad-Hoc|Any CPU.ActiveCfg = Debug|Any CPU
		{E2AF6B23-422E-4144-B8A3-1DC04BAFBE31}.Ad-Hoc|Any CPU.Build.0 = Debug|Any CPU
		{E2AF6B23-422E-4144-B8A3-1DC04BAFBE31}.Ad-Hoc|ARM.ActiveCfg = Debug|Any CPU
		{E2AF6B23-422E-4144-B8A3-1DC04BAFBE31}.Ad-Hoc|ARM.Build.0 = Debug|Any CPU
		{E2AF6B23-422E-4144-B8A3-1DC04BAFBE31}.Ad-Hoc|iPhone.ActiveCfg = Debug|Any CPU
		{E2AF6B23-422E-4144-B8A3-1DC04BAFBE31}.Ad-Hoc|iPhone.Build.0 = Debug|Any CPU
		{E2AF6B23-422E-4144-B8A3-1DC04BAFBE31}.Ad-Hoc|iPhoneSimulator.ActiveCfg = Debug|Any CPU
		{E2AF6B23-422E-4144-B8A3-1DC04BAFBE31}.Ad-Hoc|iPhoneSimulator.Build.0 = Debug|Any CPU
		{E2AF6B23-422E-4144-B8A3-1DC04BAFBE31}.Ad-Hoc|x64.ActiveCfg = Debug|Any CPU
		{E2AF6B23-422E-4144-B8A3-1DC04BAFBE31}.Ad-Hoc|x64.Build.0 = Debug|Any CPU
		{E2AF6B23-422E-4144-B8A3-1DC04BAFBE31}.Ad-Hoc|x86.ActiveCfg = Debug|Any CPU
		{E2AF6B23-422E-4144-B8A3-1DC04BAFBE31}.Ad-Hoc|x86.Build.0 = Debug|Any CPU
		{E2AF6B23-422E-4144-B8A3-1DC04BAFBE31}.AppStore|Any CPU.ActiveCfg = Debug|Any CPU
		{E2AF6B23-422E-4144-B8A3-1DC04BAFBE31}.AppStore|Any CPU.Build.0 = Debug|Any CPU
		{E2AF6B23-422E-4144-B8A3-1DC04BAFBE31}.AppStore|ARM.ActiveCfg = Debug|Any CPU
		{E2AF6B23-422E-4144-B8A3-1DC04BAFBE31}.AppStore|ARM.Build.0 = Debug|Any CPU
		{E2AF6B23-422E-4144-B8A3-1DC04BAFBE31}.AppStore|iPhone.ActiveCfg = Debug|Any CPU
		{E2AF6B23-422E-4144-B8A3-1DC04BAFBE31}.AppStore|iPhone.Build.0 = Debug|Any CPU
		{E2AF6B23-422E-4144-B8A3-1DC04BAFBE31}.AppStore|iPhoneSimulator.ActiveCfg = Debug|Any CPU
		{E2AF6B23-422E-4144-B8A3-1DC04BAFBE31}.AppStore|iPhoneSimulator.Build.0 = Debug|Any CPU
		{E2AF6B23-422E-4144-B8A3-1DC04BAFBE31}.AppStore|x64.ActiveCfg = Debug|Any CPU
		{E2AF6B23-422E-4144-B8A3-1DC04BAFBE31}.AppStore|x64.Build.0 = Debug|Any CPU
		{E2AF6B23-422E-4144-B8A3-1DC04BAFBE31}.AppStore|x86.ActiveCfg = Debug|Any CPU
		{E2AF6B23-422E-4144-B8A3-1DC04BAFBE31}.AppStore|x86.Build.0 = Debug|Any CPU
		{E2AF6B23-422E-4144-B8A3-1DC04BAFBE31}.Debug|Any CPU.ActiveCfg = Debug|Any CPU
		{E2AF6B23-422E-4144-B8A3-1DC04BAFBE31}.Debug|Any CPU.Build.0 = Debug|Any CPU
		{E2AF6B23-422E-4144-B8A3-1DC04BAFBE31}.Debug|ARM.ActiveCfg = Debug|Any CPU
		{E2AF6B23-422E-4144-B8A3-1DC04BAFBE31}.Debug|ARM.Build.0 = Debug|Any CPU
		{E2AF6B23-422E-4144-B8A3-1DC04BAFBE31}.Debug|iPhone.ActiveCfg = Debug|Any CPU
		{E2AF6B23-422E-4144-B8A3-1DC04BAFBE31}.Debug|iPhone.Build.0 = Debug|Any CPU
		{E2AF6B23-422E-4144-B8A3-1DC04BAFBE31}.Debug|iPhoneSimulator.ActiveCfg = Debug|Any CPU
		{E2AF6B23-422E-4144-B8A3-1DC04BAFBE31}.Debug|iPhoneSimulator.Build.0 = Debug|Any CPU
		{E2AF6B23-422E-4144-B8A3-1DC04BAFBE31}.Debug|x64.ActiveCfg = Debug|Any CPU
		{E2AF6B23-422E-4144-B8A3-1DC04BAFBE31}.Debug|x64.Build.0 = Debug|Any CPU
		{E2AF6B23-422E-4144-B8A3-1DC04BAFBE31}.Debug|x86.ActiveCfg = Debug|Any CPU
		{E2AF6B23-422E-4144-B8A3-1DC04BAFBE31}.Debug|x86.Build.0 = Debug|Any CPU
		{E2AF6B23-422E-4144-B8A3-1DC04BAFBE31}.Release|Any CPU.ActiveCfg = Release|Any CPU
		{E2AF6B23-422E-4144-B8A3-1DC04BAFBE31}.Release|Any CPU.Build.0 = Release|Any CPU
		{E2AF6B23-422E-4144-B8A3-1DC04BAFBE31}.Release|ARM.ActiveCfg = Release|Any CPU
		{E2AF6B23-422E-4144-B8A3-1DC04BAFBE31}.Release|ARM.Build.0 = Release|Any CPU
		{E2AF6B23-422E-4144-B8A3-1DC04BAFBE31}.Release|iPhone.ActiveCfg = Release|Any CPU
		{E2AF6B23-422E-4144-B8A3-1DC04BAFBE31}.Release|iPhone.Build.0 = Release|Any CPU
		{E2AF6B23-422E-4144-B8A3-1DC04BAFBE31}.Release|iPhoneSimulator.ActiveCfg = Release|Any CPU
		{E2AF6B23-422E-4144-B8A3-1DC04BAFBE31}.Release|iPhoneSimulator.Build.0 = Release|Any CPU
		{E2AF6B23-422E-4144-B8A3-1DC04BAFBE31}.Release|x64.ActiveCfg = Release|Any CPU
		{E2AF6B23-422E-4144-B8A3-1DC04BAFBE31}.Release|x64.Build.0 = Release|Any CPU
		{E2AF6B23-422E-4144-B8A3-1DC04BAFBE31}.Release|x86.ActiveCfg = Release|Any CPU
		{E2AF6B23-422E-4144-B8A3-1DC04BAFBE31}.Release|x86.Build.0 = Release|Any CPU
		{E46C59D5-A686-4DD5-BAF3-0A42A67698AD}.Ad-Hoc|Any CPU.ActiveCfg = Release|Any CPU
		{E46C59D5-A686-4DD5-BAF3-0A42A67698AD}.Ad-Hoc|Any CPU.Build.0 = Release|Any CPU
		{E46C59D5-A686-4DD5-BAF3-0A42A67698AD}.Ad-Hoc|Any CPU.Deploy.0 = Release|Any CPU
		{E46C59D5-A686-4DD5-BAF3-0A42A67698AD}.Ad-Hoc|ARM.ActiveCfg = Release|Any CPU
		{E46C59D5-A686-4DD5-BAF3-0A42A67698AD}.Ad-Hoc|ARM.Build.0 = Release|Any CPU
		{E46C59D5-A686-4DD5-BAF3-0A42A67698AD}.Ad-Hoc|ARM.Deploy.0 = Release|Any CPU
		{E46C59D5-A686-4DD5-BAF3-0A42A67698AD}.Ad-Hoc|iPhone.ActiveCfg = Release|Any CPU
		{E46C59D5-A686-4DD5-BAF3-0A42A67698AD}.Ad-Hoc|iPhone.Build.0 = Release|Any CPU
		{E46C59D5-A686-4DD5-BAF3-0A42A67698AD}.Ad-Hoc|iPhone.Deploy.0 = Release|Any CPU
		{E46C59D5-A686-4DD5-BAF3-0A42A67698AD}.Ad-Hoc|iPhoneSimulator.ActiveCfg = Release|Any CPU
		{E46C59D5-A686-4DD5-BAF3-0A42A67698AD}.Ad-Hoc|iPhoneSimulator.Build.0 = Release|Any CPU
		{E46C59D5-A686-4DD5-BAF3-0A42A67698AD}.Ad-Hoc|iPhoneSimulator.Deploy.0 = Release|Any CPU
		{E46C59D5-A686-4DD5-BAF3-0A42A67698AD}.Ad-Hoc|x64.ActiveCfg = Release|Any CPU
		{E46C59D5-A686-4DD5-BAF3-0A42A67698AD}.Ad-Hoc|x64.Build.0 = Release|Any CPU
		{E46C59D5-A686-4DD5-BAF3-0A42A67698AD}.Ad-Hoc|x64.Deploy.0 = Release|Any CPU
		{E46C59D5-A686-4DD5-BAF3-0A42A67698AD}.Ad-Hoc|x86.ActiveCfg = Release|Any CPU
		{E46C59D5-A686-4DD5-BAF3-0A42A67698AD}.Ad-Hoc|x86.Build.0 = Release|Any CPU
		{E46C59D5-A686-4DD5-BAF3-0A42A67698AD}.Ad-Hoc|x86.Deploy.0 = Release|Any CPU
		{E46C59D5-A686-4DD5-BAF3-0A42A67698AD}.AppStore|Any CPU.ActiveCfg = Release|Any CPU
		{E46C59D5-A686-4DD5-BAF3-0A42A67698AD}.AppStore|Any CPU.Build.0 = Release|Any CPU
		{E46C59D5-A686-4DD5-BAF3-0A42A67698AD}.AppStore|Any CPU.Deploy.0 = Release|Any CPU
		{E46C59D5-A686-4DD5-BAF3-0A42A67698AD}.AppStore|ARM.ActiveCfg = Release|Any CPU
		{E46C59D5-A686-4DD5-BAF3-0A42A67698AD}.AppStore|ARM.Build.0 = Release|Any CPU
		{E46C59D5-A686-4DD5-BAF3-0A42A67698AD}.AppStore|ARM.Deploy.0 = Release|Any CPU
		{E46C59D5-A686-4DD5-BAF3-0A42A67698AD}.AppStore|iPhone.ActiveCfg = Release|Any CPU
		{E46C59D5-A686-4DD5-BAF3-0A42A67698AD}.AppStore|iPhone.Build.0 = Release|Any CPU
		{E46C59D5-A686-4DD5-BAF3-0A42A67698AD}.AppStore|iPhone.Deploy.0 = Release|Any CPU
		{E46C59D5-A686-4DD5-BAF3-0A42A67698AD}.AppStore|iPhoneSimulator.ActiveCfg = Release|Any CPU
		{E46C59D5-A686-4DD5-BAF3-0A42A67698AD}.AppStore|iPhoneSimulator.Build.0 = Release|Any CPU
		{E46C59D5-A686-4DD5-BAF3-0A42A67698AD}.AppStore|iPhoneSimulator.Deploy.0 = Release|Any CPU
		{E46C59D5-A686-4DD5-BAF3-0A42A67698AD}.AppStore|x64.ActiveCfg = Release|Any CPU
		{E46C59D5-A686-4DD5-BAF3-0A42A67698AD}.AppStore|x64.Build.0 = Release|Any CPU
		{E46C59D5-A686-4DD5-BAF3-0A42A67698AD}.AppStore|x64.Deploy.0 = Release|Any CPU
		{E46C59D5-A686-4DD5-BAF3-0A42A67698AD}.AppStore|x86.ActiveCfg = Release|Any CPU
		{E46C59D5-A686-4DD5-BAF3-0A42A67698AD}.AppStore|x86.Build.0 = Release|Any CPU
		{E46C59D5-A686-4DD5-BAF3-0A42A67698AD}.AppStore|x86.Deploy.0 = Release|Any CPU
		{E46C59D5-A686-4DD5-BAF3-0A42A67698AD}.Debug|Any CPU.ActiveCfg = Debug|Any CPU
		{E46C59D5-A686-4DD5-BAF3-0A42A67698AD}.Debug|Any CPU.Build.0 = Debug|Any CPU
		{E46C59D5-A686-4DD5-BAF3-0A42A67698AD}.Debug|Any CPU.Deploy.0 = Debug|Any CPU
		{E46C59D5-A686-4DD5-BAF3-0A42A67698AD}.Debug|ARM.ActiveCfg = Debug|Any CPU
		{E46C59D5-A686-4DD5-BAF3-0A42A67698AD}.Debug|ARM.Build.0 = Debug|Any CPU
		{E46C59D5-A686-4DD5-BAF3-0A42A67698AD}.Debug|ARM.Deploy.0 = Debug|Any CPU
		{E46C59D5-A686-4DD5-BAF3-0A42A67698AD}.Debug|iPhone.ActiveCfg = Debug|Any CPU
		{E46C59D5-A686-4DD5-BAF3-0A42A67698AD}.Debug|iPhone.Build.0 = Debug|Any CPU
		{E46C59D5-A686-4DD5-BAF3-0A42A67698AD}.Debug|iPhone.Deploy.0 = Debug|Any CPU
		{E46C59D5-A686-4DD5-BAF3-0A42A67698AD}.Debug|iPhoneSimulator.ActiveCfg = Debug|Any CPU
		{E46C59D5-A686-4DD5-BAF3-0A42A67698AD}.Debug|iPhoneSimulator.Build.0 = Debug|Any CPU
		{E46C59D5-A686-4DD5-BAF3-0A42A67698AD}.Debug|iPhoneSimulator.Deploy.0 = Debug|Any CPU
		{E46C59D5-A686-4DD5-BAF3-0A42A67698AD}.Debug|x64.ActiveCfg = Debug|Any CPU
		{E46C59D5-A686-4DD5-BAF3-0A42A67698AD}.Debug|x64.Build.0 = Debug|Any CPU
		{E46C59D5-A686-4DD5-BAF3-0A42A67698AD}.Debug|x64.Deploy.0 = Debug|Any CPU
		{E46C59D5-A686-4DD5-BAF3-0A42A67698AD}.Debug|x86.ActiveCfg = Debug|Any CPU
		{E46C59D5-A686-4DD5-BAF3-0A42A67698AD}.Debug|x86.Build.0 = Debug|Any CPU
		{E46C59D5-A686-4DD5-BAF3-0A42A67698AD}.Debug|x86.Deploy.0 = Debug|Any CPU
		{E46C59D5-A686-4DD5-BAF3-0A42A67698AD}.Release|Any CPU.ActiveCfg = Release|Any CPU
		{E46C59D5-A686-4DD5-BAF3-0A42A67698AD}.Release|Any CPU.Build.0 = Release|Any CPU
		{E46C59D5-A686-4DD5-BAF3-0A42A67698AD}.Release|Any CPU.Deploy.0 = Release|Any CPU
		{E46C59D5-A686-4DD5-BAF3-0A42A67698AD}.Release|ARM.ActiveCfg = Release|Any CPU
		{E46C59D5-A686-4DD5-BAF3-0A42A67698AD}.Release|ARM.Build.0 = Release|Any CPU
		{E46C59D5-A686-4DD5-BAF3-0A42A67698AD}.Release|ARM.Deploy.0 = Release|Any CPU
		{E46C59D5-A686-4DD5-BAF3-0A42A67698AD}.Release|iPhone.ActiveCfg = Release|Any CPU
		{E46C59D5-A686-4DD5-BAF3-0A42A67698AD}.Release|iPhone.Build.0 = Release|Any CPU
		{E46C59D5-A686-4DD5-BAF3-0A42A67698AD}.Release|iPhone.Deploy.0 = Release|Any CPU
		{E46C59D5-A686-4DD5-BAF3-0A42A67698AD}.Release|iPhoneSimulator.ActiveCfg = Release|Any CPU
		{E46C59D5-A686-4DD5-BAF3-0A42A67698AD}.Release|iPhoneSimulator.Build.0 = Release|Any CPU
		{E46C59D5-A686-4DD5-BAF3-0A42A67698AD}.Release|iPhoneSimulator.Deploy.0 = Release|Any CPU
		{E46C59D5-A686-4DD5-BAF3-0A42A67698AD}.Release|x64.ActiveCfg = Release|Any CPU
		{E46C59D5-A686-4DD5-BAF3-0A42A67698AD}.Release|x64.Build.0 = Release|Any CPU
		{E46C59D5-A686-4DD5-BAF3-0A42A67698AD}.Release|x64.Deploy.0 = Release|Any CPU
		{E46C59D5-A686-4DD5-BAF3-0A42A67698AD}.Release|x86.ActiveCfg = Release|Any CPU
		{E46C59D5-A686-4DD5-BAF3-0A42A67698AD}.Release|x86.Build.0 = Release|Any CPU
		{E46C59D5-A686-4DD5-BAF3-0A42A67698AD}.Release|x86.Deploy.0 = Release|Any CPU
		{72592CF3-90A1-4662-9A63-C6EC323C1A64}.Ad-Hoc|Any CPU.ActiveCfg = Ad-Hoc|iPhone
		{72592CF3-90A1-4662-9A63-C6EC323C1A64}.Ad-Hoc|ARM.ActiveCfg = Ad-Hoc|iPhone
		{72592CF3-90A1-4662-9A63-C6EC323C1A64}.Ad-Hoc|iPhone.ActiveCfg = Ad-Hoc|iPhone
		{72592CF3-90A1-4662-9A63-C6EC323C1A64}.Ad-Hoc|iPhone.Build.0 = Ad-Hoc|iPhone
		{72592CF3-90A1-4662-9A63-C6EC323C1A64}.Ad-Hoc|iPhoneSimulator.ActiveCfg = Ad-Hoc|iPhoneSimulator
		{72592CF3-90A1-4662-9A63-C6EC323C1A64}.Ad-Hoc|iPhoneSimulator.Build.0 = Ad-Hoc|iPhoneSimulator
		{72592CF3-90A1-4662-9A63-C6EC323C1A64}.Ad-Hoc|x64.ActiveCfg = Ad-Hoc|iPhone
		{72592CF3-90A1-4662-9A63-C6EC323C1A64}.Ad-Hoc|x86.ActiveCfg = Ad-Hoc|iPhone
		{72592CF3-90A1-4662-9A63-C6EC323C1A64}.AppStore|Any CPU.ActiveCfg = AppStore|iPhone
		{72592CF3-90A1-4662-9A63-C6EC323C1A64}.AppStore|ARM.ActiveCfg = AppStore|iPhone
		{72592CF3-90A1-4662-9A63-C6EC323C1A64}.AppStore|iPhone.ActiveCfg = AppStore|iPhone
		{72592CF3-90A1-4662-9A63-C6EC323C1A64}.AppStore|iPhone.Build.0 = AppStore|iPhone
		{72592CF3-90A1-4662-9A63-C6EC323C1A64}.AppStore|iPhoneSimulator.ActiveCfg = AppStore|iPhoneSimulator
		{72592CF3-90A1-4662-9A63-C6EC323C1A64}.AppStore|iPhoneSimulator.Build.0 = AppStore|iPhoneSimulator
		{72592CF3-90A1-4662-9A63-C6EC323C1A64}.AppStore|x64.ActiveCfg = AppStore|iPhone
		{72592CF3-90A1-4662-9A63-C6EC323C1A64}.AppStore|x86.ActiveCfg = AppStore|iPhone
		{72592CF3-90A1-4662-9A63-C6EC323C1A64}.Debug|Any CPU.ActiveCfg = Debug|iPhone
		{72592CF3-90A1-4662-9A63-C6EC323C1A64}.Debug|ARM.ActiveCfg = Debug|iPhone
		{72592CF3-90A1-4662-9A63-C6EC323C1A64}.Debug|iPhone.ActiveCfg = Debug|iPhone
		{72592CF3-90A1-4662-9A63-C6EC323C1A64}.Debug|iPhone.Build.0 = Debug|iPhone
		{72592CF3-90A1-4662-9A63-C6EC323C1A64}.Debug|iPhoneSimulator.ActiveCfg = Debug|iPhoneSimulator
		{72592CF3-90A1-4662-9A63-C6EC323C1A64}.Debug|iPhoneSimulator.Build.0 = Debug|iPhoneSimulator
		{72592CF3-90A1-4662-9A63-C6EC323C1A64}.Debug|x64.ActiveCfg = Debug|iPhone
		{72592CF3-90A1-4662-9A63-C6EC323C1A64}.Debug|x86.ActiveCfg = Debug|iPhone
		{72592CF3-90A1-4662-9A63-C6EC323C1A64}.Release|Any CPU.ActiveCfg = Release|iPhone
		{72592CF3-90A1-4662-9A63-C6EC323C1A64}.Release|ARM.ActiveCfg = Release|iPhone
		{72592CF3-90A1-4662-9A63-C6EC323C1A64}.Release|iPhone.ActiveCfg = Release|iPhone
		{72592CF3-90A1-4662-9A63-C6EC323C1A64}.Release|iPhone.Build.0 = Release|iPhone
		{72592CF3-90A1-4662-9A63-C6EC323C1A64}.Release|iPhoneSimulator.ActiveCfg = Release|iPhoneSimulator
		{72592CF3-90A1-4662-9A63-C6EC323C1A64}.Release|iPhoneSimulator.Build.0 = Release|iPhoneSimulator
		{72592CF3-90A1-4662-9A63-C6EC323C1A64}.Release|x64.ActiveCfg = Release|iPhone
		{72592CF3-90A1-4662-9A63-C6EC323C1A64}.Release|x86.ActiveCfg = Release|iPhone
		{54EF1CE5-01E3-4551-A4D3-672EA5C17DB4}.Ad-Hoc|Any CPU.ActiveCfg = Release|x86
		{54EF1CE5-01E3-4551-A4D3-672EA5C17DB4}.Ad-Hoc|Any CPU.Build.0 = Release|x86
		{54EF1CE5-01E3-4551-A4D3-672EA5C17DB4}.Ad-Hoc|Any CPU.Deploy.0 = Release|x86
		{54EF1CE5-01E3-4551-A4D3-672EA5C17DB4}.Ad-Hoc|ARM.ActiveCfg = Release|ARM
		{54EF1CE5-01E3-4551-A4D3-672EA5C17DB4}.Ad-Hoc|ARM.Build.0 = Release|ARM
		{54EF1CE5-01E3-4551-A4D3-672EA5C17DB4}.Ad-Hoc|ARM.Deploy.0 = Release|ARM
		{54EF1CE5-01E3-4551-A4D3-672EA5C17DB4}.Ad-Hoc|iPhone.ActiveCfg = Release|x86
		{54EF1CE5-01E3-4551-A4D3-672EA5C17DB4}.Ad-Hoc|iPhone.Build.0 = Release|x86
		{54EF1CE5-01E3-4551-A4D3-672EA5C17DB4}.Ad-Hoc|iPhone.Deploy.0 = Release|x86
		{54EF1CE5-01E3-4551-A4D3-672EA5C17DB4}.Ad-Hoc|iPhoneSimulator.ActiveCfg = Release|x86
		{54EF1CE5-01E3-4551-A4D3-672EA5C17DB4}.Ad-Hoc|iPhoneSimulator.Build.0 = Release|x86
		{54EF1CE5-01E3-4551-A4D3-672EA5C17DB4}.Ad-Hoc|iPhoneSimulator.Deploy.0 = Release|x86
		{54EF1CE5-01E3-4551-A4D3-672EA5C17DB4}.Ad-Hoc|x64.ActiveCfg = Release|x64
		{54EF1CE5-01E3-4551-A4D3-672EA5C17DB4}.Ad-Hoc|x64.Build.0 = Release|x64
		{54EF1CE5-01E3-4551-A4D3-672EA5C17DB4}.Ad-Hoc|x64.Deploy.0 = Release|x64
		{54EF1CE5-01E3-4551-A4D3-672EA5C17DB4}.Ad-Hoc|x86.ActiveCfg = Release|x86
		{54EF1CE5-01E3-4551-A4D3-672EA5C17DB4}.Ad-Hoc|x86.Build.0 = Release|x86
		{54EF1CE5-01E3-4551-A4D3-672EA5C17DB4}.Ad-Hoc|x86.Deploy.0 = Release|x86
		{54EF1CE5-01E3-4551-A4D3-672EA5C17DB4}.AppStore|Any CPU.ActiveCfg = Release|x86
		{54EF1CE5-01E3-4551-A4D3-672EA5C17DB4}.AppStore|Any CPU.Build.0 = Release|x86
		{54EF1CE5-01E3-4551-A4D3-672EA5C17DB4}.AppStore|Any CPU.Deploy.0 = Release|x86
		{54EF1CE5-01E3-4551-A4D3-672EA5C17DB4}.AppStore|ARM.ActiveCfg = Release|ARM
		{54EF1CE5-01E3-4551-A4D3-672EA5C17DB4}.AppStore|ARM.Build.0 = Release|ARM
		{54EF1CE5-01E3-4551-A4D3-672EA5C17DB4}.AppStore|ARM.Deploy.0 = Release|ARM
		{54EF1CE5-01E3-4551-A4D3-672EA5C17DB4}.AppStore|iPhone.ActiveCfg = Release|x86
		{54EF1CE5-01E3-4551-A4D3-672EA5C17DB4}.AppStore|iPhone.Build.0 = Release|x86
		{54EF1CE5-01E3-4551-A4D3-672EA5C17DB4}.AppStore|iPhone.Deploy.0 = Release|x86
		{54EF1CE5-01E3-4551-A4D3-672EA5C17DB4}.AppStore|iPhoneSimulator.ActiveCfg = Release|x86
		{54EF1CE5-01E3-4551-A4D3-672EA5C17DB4}.AppStore|iPhoneSimulator.Build.0 = Release|x86
		{54EF1CE5-01E3-4551-A4D3-672EA5C17DB4}.AppStore|iPhoneSimulator.Deploy.0 = Release|x86
		{54EF1CE5-01E3-4551-A4D3-672EA5C17DB4}.AppStore|x64.ActiveCfg = Release|x64
		{54EF1CE5-01E3-4551-A4D3-672EA5C17DB4}.AppStore|x64.Build.0 = Release|x64
		{54EF1CE5-01E3-4551-A4D3-672EA5C17DB4}.AppStore|x64.Deploy.0 = Release|x64
		{54EF1CE5-01E3-4551-A4D3-672EA5C17DB4}.AppStore|x86.ActiveCfg = Release|x86
		{54EF1CE5-01E3-4551-A4D3-672EA5C17DB4}.AppStore|x86.Build.0 = Release|x86
		{54EF1CE5-01E3-4551-A4D3-672EA5C17DB4}.AppStore|x86.Deploy.0 = Release|x86
		{54EF1CE5-01E3-4551-A4D3-672EA5C17DB4}.Debug|Any CPU.ActiveCfg = Debug|x86
		{54EF1CE5-01E3-4551-A4D3-672EA5C17DB4}.Debug|ARM.ActiveCfg = Debug|ARM
		{54EF1CE5-01E3-4551-A4D3-672EA5C17DB4}.Debug|ARM.Build.0 = Debug|ARM
		{54EF1CE5-01E3-4551-A4D3-672EA5C17DB4}.Debug|ARM.Deploy.0 = Debug|ARM
		{54EF1CE5-01E3-4551-A4D3-672EA5C17DB4}.Debug|iPhone.ActiveCfg = Debug|x86
		{54EF1CE5-01E3-4551-A4D3-672EA5C17DB4}.Debug|iPhoneSimulator.ActiveCfg = Debug|x86
		{54EF1CE5-01E3-4551-A4D3-672EA5C17DB4}.Debug|x64.ActiveCfg = Debug|x64
		{54EF1CE5-01E3-4551-A4D3-672EA5C17DB4}.Debug|x64.Build.0 = Debug|x64
		{54EF1CE5-01E3-4551-A4D3-672EA5C17DB4}.Debug|x64.Deploy.0 = Debug|x64
		{54EF1CE5-01E3-4551-A4D3-672EA5C17DB4}.Debug|x86.ActiveCfg = Debug|x86
		{54EF1CE5-01E3-4551-A4D3-672EA5C17DB4}.Debug|x86.Build.0 = Debug|x86
		{54EF1CE5-01E3-4551-A4D3-672EA5C17DB4}.Debug|x86.Deploy.0 = Debug|x86
		{54EF1CE5-01E3-4551-A4D3-672EA5C17DB4}.Release|Any CPU.ActiveCfg = Release|x86
		{54EF1CE5-01E3-4551-A4D3-672EA5C17DB4}.Release|ARM.ActiveCfg = Release|ARM
		{54EF1CE5-01E3-4551-A4D3-672EA5C17DB4}.Release|ARM.Build.0 = Release|ARM
		{54EF1CE5-01E3-4551-A4D3-672EA5C17DB4}.Release|ARM.Deploy.0 = Release|ARM
		{54EF1CE5-01E3-4551-A4D3-672EA5C17DB4}.Release|iPhone.ActiveCfg = Release|x86
		{54EF1CE5-01E3-4551-A4D3-672EA5C17DB4}.Release|iPhoneSimulator.ActiveCfg = Release|x86
		{54EF1CE5-01E3-4551-A4D3-672EA5C17DB4}.Release|x64.ActiveCfg = Release|x64
		{54EF1CE5-01E3-4551-A4D3-672EA5C17DB4}.Release|x64.Build.0 = Release|x64
		{54EF1CE5-01E3-4551-A4D3-672EA5C17DB4}.Release|x64.Deploy.0 = Release|x64
		{54EF1CE5-01E3-4551-A4D3-672EA5C17DB4}.Release|x86.ActiveCfg = Release|x86
		{54EF1CE5-01E3-4551-A4D3-672EA5C17DB4}.Release|x86.Build.0 = Release|x86
		{54EF1CE5-01E3-4551-A4D3-672EA5C17DB4}.Release|x86.Deploy.0 = Release|x86
	EndGlobalSection
	GlobalSection(SolutionProperties) = preSolution
		HideSolutionNode = FALSE
	EndGlobalSection
	GlobalSection(NestedProjects) = preSolution
		{E2AF6B23-422E-4144-B8A3-1DC04BAFBE31} = {C8E4D643-F17A-4CD4-B8DD-774A5CF0EBDC}
		{E46C59D5-A686-4DD5-BAF3-0A42A67698AD} = {C8E4D643-F17A-4CD4-B8DD-774A5CF0EBDC}
		{72592CF3-90A1-4662-9A63-C6EC323C1A64} = {C8E4D643-F17A-4CD4-B8DD-774A5CF0EBDC}
		{54EF1CE5-01E3-4551-A4D3-672EA5C17DB4} = {C8E4D643-F17A-4CD4-B8DD-774A5CF0EBDC}
	EndGlobalSection
	GlobalSection(ExtensibilityGlobals) = postSolution
		SolutionGuid = {C6219C20-54DD-47B7-9160-16665A38C5E2}
	EndGlobalSection
EndGlobal
