
Microsoft Visual Studio Solution File, Format Version 12.00
# Visual Studio Version 17
VisualStudioVersion = 17.0.32014.148
MinimumVisualStudioVersion = 10.0.40219.1
Project("{9A19103F-16F7-4668-BE54-9A1E7A4F7556}") = "MemStache", "MemStache\MemStache.csproj", "{1BF10E69-7F32-46AA-8101-7A4B10F145F3}"
EndProject
Project("{9A19103F-16F7-4668-BE54-9A1E7A4F7556}") = "MemStache.UnitTests", "MemStache.UnitTests\MemStache.UnitTests.csproj", "{52673AB7-BB2E-4D62-A5FC-3D0B338683DB}"
EndProject
Project("{9A19103F-16F7-4668-BE54-9A1E7A4F7556}") = "MemStache.CLI", "MemStache.CLI\MemStache.CLI.csproj", "{58EBD46A-067A-438D-81DF-3D6B0C1A182D}"
EndProject
Project("{9A19103F-16F7-4668-BE54-9A1E7A4F7556}") = "Lib.MemStache.WebAPI", "Lib.MemStache.WebAPI\Lib.MemStache.WebAPI.csproj", "{2A57C8BC-47B6-4119-B96C-6E7683F01B58}"
EndProject
Global
	GlobalSection(SolutionConfigurationPlatforms) = preSolution
		Ad-Hoc|Any CPU = Ad-Hoc|Any CPU
		Ad-Hoc|ARM = Ad-Hoc|ARM
		Ad-Hoc|iPhone = Ad-Hoc|iPhone
		Ad-Hoc|iPhoneSimulator = Ad-Hoc|iPhoneSimulator
		Ad-Hoc|x64 = Ad-Hoc|x64
		Ad-Hoc|x86 = Ad-Hoc|x86
		AppStore|Any CPU = AppStore|Any CPU
		AppStore|ARM = AppStore|ARM
		AppStore|iPhone = AppStore|iPhone
		AppStore|iPhoneSimulator = AppStore|iPhoneSimulator
		AppStore|x64 = AppStore|x64
		AppStore|x86 = AppStore|x86
		Debug|Any CPU = Debug|Any CPU
		Debug|ARM = Debug|ARM
		Debug|iPhone = Debug|iPhone
		Debug|iPhoneSimulator = Debug|iPhoneSimulator
		Debug|x64 = Debug|x64
		Debug|x86 = Debug|x86
		Release|Any CPU = Release|Any CPU
		Release|ARM = Release|ARM
		Release|iPhone = Release|iPhone
		Release|iPhoneSimulator = Release|iPhoneSimulator
		Release|x64 = Release|x64
		Release|x86 = Release|x86
	EndGlobalSection
	GlobalSection(ProjectConfigurationPlatforms) = postSolution
		{1BF10E69-7F32-46AA-8101-7A4B10F145F3}.Ad-Hoc|Any CPU.ActiveCfg = Release|Any CPU
		{1BF10E69-7F32-46AA-8101-7A4B10F145F3}.Ad-Hoc|Any CPU.Build.0 = Release|Any CPU
		{1BF10E69-7F32-46AA-8101-7A4B10F145F3}.Ad-Hoc|ARM.ActiveCfg = Release|Any CPU
		{1BF10E69-7F32-46AA-8101-7A4B10F145F3}.Ad-Hoc|ARM.Build.0 = Release|Any CPU
		{1BF10E69-7F32-46AA-8101-7A4B10F145F3}.Ad-Hoc|iPhone.ActiveCfg = Release|Any CPU
		{1BF10E69-7F32-46AA-8101-7A4B10F145F3}.Ad-Hoc|iPhone.Build.0 = Release|Any CPU
		{1BF10E69-7F32-46AA-8101-7A4B10F145F3}.Ad-Hoc|iPhoneSimulator.ActiveCfg = Release|Any CPU
		{1BF10E69-7F32-46AA-8101-7A4B10F145F3}.Ad-Hoc|iPhoneSimulator.Build.0 = Release|Any CPU
		{1BF10E69-7F32-46AA-8101-7A4B10F145F3}.Ad-Hoc|x64.ActiveCfg = Release|Any CPU
		{1BF10E69-7F32-46AA-8101-7A4B10F145F3}.Ad-Hoc|x64.Build.0 = Release|Any CPU
		{1BF10E69-7F32-46AA-8101-7A4B10F145F3}.Ad-Hoc|x86.ActiveCfg = Release|Any CPU
		{1BF10E69-7F32-46AA-8101-7A4B10F145F3}.Ad-Hoc|x86.Build.0 = Release|Any CPU
		{1BF10E69-7F32-46AA-8101-7A4B10F145F3}.AppStore|Any CPU.ActiveCfg = Release|Any CPU
		{1BF10E69-7F32-46AA-8101-7A4B10F145F3}.AppStore|Any CPU.Build.0 = Release|Any CPU
		{1BF10E69-7F32-46AA-8101-7A4B10F145F3}.AppStore|ARM.ActiveCfg = Release|Any CPU
		{1BF10E69-7F32-46AA-8101-7A4B10F145F3}.AppStore|ARM.Build.0 = Release|Any CPU
		{1BF10E69-7F32-46AA-8101-7A4B10F145F3}.AppStore|iPhone.ActiveCfg = Release|Any CPU
		{1BF10E69-7F32-46AA-8101-7A4B10F145F3}.AppStore|iPhone.Build.0 = Release|Any CPU
		{1BF10E69-7F32-46AA-8101-7A4B10F145F3}.AppStore|iPhoneSimulator.ActiveCfg = Release|Any CPU
		{1BF10E69-7F32-46AA-8101-7A4B10F145F3}.AppStore|iPhoneSimulator.Build.0 = Release|Any CPU
		{1BF10E69-7F32-46AA-8101-7A4B10F145F3}.AppStore|x64.ActiveCfg = Release|Any CPU
		{1BF10E69-7F32-46AA-8101-7A4B10F145F3}.AppStore|x64.Build.0 = Release|Any CPU
		{1BF10E69-7F32-46AA-8101-7A4B10F145F3}.AppStore|x86.ActiveCfg = Release|Any CPU
		{1BF10E69-7F32-46AA-8101-7A4B10F145F3}.AppStore|x86.Build.0 = Release|Any CPU
		{1BF10E69-7F32-46AA-8101-7A4B10F145F3}.Debug|Any CPU.ActiveCfg = Debug|Any CPU
		{1BF10E69-7F32-46AA-8101-7A4B10F145F3}.Debug|Any CPU.Build.0 = Debug|Any CPU
		{1BF10E69-7F32-46AA-8101-7A4B10F145F3}.Debug|ARM.ActiveCfg = Debug|Any CPU
		{1BF10E69-7F32-46AA-8101-7A4B10F145F3}.Debug|ARM.Build.0 = Debug|Any CPU
		{1BF10E69-7F32-46AA-8101-7A4B10F145F3}.Debug|iPhone.ActiveCfg = Debug|Any CPU
		{1BF10E69-7F32-46AA-8101-7A4B10F145F3}.Debug|iPhone.Build.0 = Debug|Any CPU
		{1BF10E69-7F32-46AA-8101-7A4B10F145F3}.Debug|iPhoneSimulator.ActiveCfg = Debug|Any CPU
		{1BF10E69-7F32-46AA-8101-7A4B10F145F3}.Debug|iPhoneSimulator.Build.0 = Debug|Any CPU
		{1BF10E69-7F32-46AA-8101-7A4B10F145F3}.Debug|x64.ActiveCfg = Debug|Any CPU
		{1BF10E69-7F32-46AA-8101-7A4B10F145F3}.Debug|x64.Build.0 = Debug|Any CPU
		{1BF10E69-7F32-46AA-8101-7A4B10F145F3}.Debug|x86.ActiveCfg = Debug|Any CPU
		{1BF10E69-7F32-46AA-8101-7A4B10F145F3}.Debug|x86.Build.0 = Debug|Any CPU
		{1BF10E69-7F32-46AA-8101-7A4B10F145F3}.Release|Any CPU.ActiveCfg = Release|Any CPU
		{1BF10E69-7F32-46AA-8101-7A4B10F145F3}.Release|Any CPU.Build.0 = Release|Any CPU
		{1BF10E69-7F32-46AA-8101-7A4B10F145F3}.Release|ARM.ActiveCfg = Release|Any CPU
		{1BF10E69-7F32-46AA-8101-7A4B10F145F3}.Release|ARM.Build.0 = Release|Any CPU
		{1BF10E69-7F32-46AA-8101-7A4B10F145F3}.Release|iPhone.ActiveCfg = Release|Any CPU
		{1BF10E69-7F32-46AA-8101-7A4B10F145F3}.Release|iPhone.Build.0 = Release|Any CPU
		{1BF10E69-7F32-46AA-8101-7A4B10F145F3}.Release|iPhoneSimulator.ActiveCfg = Release|Any CPU
		{1BF10E69-7F32-46AA-8101-7A4B10F145F3}.Release|iPhoneSimulator.Build.0 = Release|Any CPU
		{1BF10E69-7F32-46AA-8101-7A4B10F145F3}.Release|x64.ActiveCfg = Release|Any CPU
		{1BF10E69-7F32-46AA-8101-7A4B10F145F3}.Release|x64.Build.0 = Release|Any CPU
		{1BF10E69-7F32-46AA-8101-7A4B10F145F3}.Release|x86.ActiveCfg = Release|Any CPU
		{1BF10E69-7F32-46AA-8101-7A4B10F145F3}.Release|x86.Build.0 = Release|Any CPU
		{52673AB7-BB2E-4D62-A5FC-3D0B338683DB}.Ad-Hoc|Any CPU.ActiveCfg = Release|Any CPU
		{52673AB7-BB2E-4D62-A5FC-3D0B338683DB}.Ad-Hoc|Any CPU.Build.0 = Release|Any CPU
		{52673AB7-BB2E-4D62-A5FC-3D0B338683DB}.Ad-Hoc|ARM.ActiveCfg = Release|Any CPU
		{52673AB7-BB2E-4D62-A5FC-3D0B338683DB}.Ad-Hoc|ARM.Build.0 = Release|Any CPU
		{52673AB7-BB2E-4D62-A5FC-3D0B338683DB}.Ad-Hoc|iPhone.ActiveCfg = Release|Any CPU
		{52673AB7-BB2E-4D62-A5FC-3D0B338683DB}.Ad-Hoc|iPhone.Build.0 = Release|Any CPU
		{52673AB7-BB2E-4D62-A5FC-3D0B338683DB}.Ad-Hoc|iPhoneSimulator.ActiveCfg = Release|Any CPU
		{52673AB7-BB2E-4D62-A5FC-3D0B338683DB}.Ad-Hoc|iPhoneSimulator.Build.0 = Release|Any CPU
		{52673AB7-BB2E-4D62-A5FC-3D0B338683DB}.Ad-Hoc|x64.ActiveCfg = Release|Any CPU
		{52673AB7-BB2E-4D62-A5FC-3D0B338683DB}.Ad-Hoc|x64.Build.0 = Release|Any CPU
		{52673AB7-BB2E-4D62-A5FC-3D0B338683DB}.Ad-Hoc|x86.ActiveCfg = Release|Any CPU
		{52673AB7-BB2E-4D62-A5FC-3D0B338683DB}.Ad-Hoc|x86.Build.0 = Release|Any CPU
		{52673AB7-BB2E-4D62-A5FC-3D0B338683DB}.AppStore|Any CPU.ActiveCfg = Release|Any CPU
		{52673AB7-BB2E-4D62-A5FC-3D0B338683DB}.AppStore|Any CPU.Build.0 = Release|Any CPU
		{52673AB7-BB2E-4D62-A5FC-3D0B338683DB}.AppStore|ARM.ActiveCfg = Release|Any CPU
		{52673AB7-BB2E-4D62-A5FC-3D0B338683DB}.AppStore|ARM.Build.0 = Release|Any CPU
		{52673AB7-BB2E-4D62-A5FC-3D0B338683DB}.AppStore|iPhone.ActiveCfg = Release|Any CPU
		{52673AB7-BB2E-4D62-A5FC-3D0B338683DB}.AppStore|iPhone.Build.0 = Release|Any CPU
		{52673AB7-BB2E-4D62-A5FC-3D0B338683DB}.AppStore|iPhoneSimulator.ActiveCfg = Release|Any CPU
		{52673AB7-BB2E-4D62-A5FC-3D0B338683DB}.AppStore|iPhoneSimulator.Build.0 = Release|Any CPU
		{52673AB7-BB2E-4D62-A5FC-3D0B338683DB}.AppStore|x64.ActiveCfg = Release|Any CPU
		{52673AB7-BB2E-4D62-A5FC-3D0B338683DB}.AppStore|x64.Build.0 = Release|Any CPU
		{52673AB7-BB2E-4D62-A5FC-3D0B338683DB}.AppStore|x86.ActiveCfg = Release|Any CPU
		{52673AB7-BB2E-4D62-A5FC-3D0B338683DB}.AppStore|x86.Build.0 = Release|Any CPU
		{52673AB7-BB2E-4D62-A5FC-3D0B338683DB}.Debug|Any CPU.ActiveCfg = Debug|Any CPU
		{52673AB7-BB2E-4D62-A5FC-3D0B338683DB}.Debug|Any CPU.Build.0 = Debug|Any CPU
		{52673AB7-BB2E-4D62-A5FC-3D0B338683DB}.Debug|ARM.ActiveCfg = Debug|Any CPU
		{52673AB7-BB2E-4D62-A5FC-3D0B338683DB}.Debug|ARM.Build.0 = Debug|Any CPU
		{52673AB7-BB2E-4D62-A5FC-3D0B338683DB}.Debug|iPhone.ActiveCfg = Debug|Any CPU
		{52673AB7-BB2E-4D62-A5FC-3D0B338683DB}.Debug|iPhone.Build.0 = Debug|Any CPU
		{52673AB7-BB2E-4D62-A5FC-3D0B338683DB}.Debug|iPhoneSimulator.ActiveCfg = Debug|Any CPU
		{52673AB7-BB2E-4D62-A5FC-3D0B338683DB}.Debug|iPhoneSimulator.Build.0 = Debug|Any CPU
		{52673AB7-BB2E-4D62-A5FC-3D0B338683DB}.Debug|x64.ActiveCfg = Debug|Any CPU
		{52673AB7-BB2E-4D62-A5FC-3D0B338683DB}.Debug|x64.Build.0 = Debug|Any CPU
		{52673AB7-BB2E-4D62-A5FC-3D0B338683DB}.Debug|x86.ActiveCfg = Debug|Any CPU
		{52673AB7-BB2E-4D62-A5FC-3D0B338683DB}.Debug|x86.Build.0 = Debug|Any CPU
		{52673AB7-BB2E-4D62-A5FC-3D0B338683DB}.Release|Any CPU.ActiveCfg = Release|Any CPU
		{52673AB7-BB2E-4D62-A5FC-3D0B338683DB}.Release|Any CPU.Build.0 = Release|Any CPU
		{52673AB7-BB2E-4D62-A5FC-3D0B338683DB}.Release|ARM.ActiveCfg = Release|Any CPU
		{52673AB7-BB2E-4D62-A5FC-3D0B338683DB}.Release|ARM.Build.0 = Release|Any CPU
		{52673AB7-BB2E-4D62-A5FC-3D0B338683DB}.Release|iPhone.ActiveCfg = Release|Any CPU
		{52673AB7-BB2E-4D62-A5FC-3D0B338683DB}.Release|iPhone.Build.0 = Release|Any CPU
		{52673AB7-BB2E-4D62-A5FC-3D0B338683DB}.Release|iPhoneSimulator.ActiveCfg = Release|Any CPU
		{52673AB7-BB2E-4D62-A5FC-3D0B338683DB}.Release|iPhoneSimulator.Build.0 = Release|Any CPU
		{52673AB7-BB2E-4D62-A5FC-3D0B338683DB}.Release|x64.ActiveCfg = Release|Any CPU
		{52673AB7-BB2E-4D62-A5FC-3D0B338683DB}.Release|x64.Build.0 = Release|Any CPU
		{52673AB7-BB2E-4D62-A5FC-3D0B338683DB}.Release|x86.ActiveCfg = Release|Any CPU
		{52673AB7-BB2E-4D62-A5FC-3D0B338683DB}.Release|x86.Build.0 = Release|Any CPU
		{58EBD46A-067A-438D-81DF-3D6B0C1A182D}.Ad-Hoc|Any CPU.ActiveCfg = Debug|Any CPU
		{58EBD46A-067A-438D-81DF-3D6B0C1A182D}.Ad-Hoc|Any CPU.Build.0 = Debug|Any CPU
		{58EBD46A-067A-438D-81DF-3D6B0C1A182D}.Ad-Hoc|ARM.ActiveCfg = Debug|Any CPU
		{58EBD46A-067A-438D-81DF-3D6B0C1A182D}.Ad-Hoc|ARM.Build.0 = Debug|Any CPU
		{58EBD46A-067A-438D-81DF-3D6B0C1A182D}.Ad-Hoc|iPhone.ActiveCfg = Debug|Any CPU
		{58EBD46A-067A-438D-81DF-3D6B0C1A182D}.Ad-Hoc|iPhone.Build.0 = Debug|Any CPU
		{58EBD46A-067A-438D-81DF-3D6B0C1A182D}.Ad-Hoc|iPhoneSimulator.ActiveCfg = Debug|Any CPU
		{58EBD46A-067A-438D-81DF-3D6B0C1A182D}.Ad-Hoc|iPhoneSimulator.Build.0 = Debug|Any CPU
		{58EBD46A-067A-438D-81DF-3D6B0C1A182D}.Ad-Hoc|x64.ActiveCfg = Debug|Any CPU
		{58EBD46A-067A-438D-81DF-3D6B0C1A182D}.Ad-Hoc|x64.Build.0 = Debug|Any CPU
		{58EBD46A-067A-438D-81DF-3D6B0C1A182D}.Ad-Hoc|x86.ActiveCfg = Debug|Any CPU
		{58EBD46A-067A-438D-81DF-3D6B0C1A182D}.Ad-Hoc|x86.Build.0 = Debug|Any CPU
		{58EBD46A-067A-438D-81DF-3D6B0C1A182D}.AppStore|Any CPU.ActiveCfg = Debug|Any CPU
		{58EBD46A-067A-438D-81DF-3D6B0C1A182D}.AppStore|Any CPU.Build.0 = Debug|Any CPU
		{58EBD46A-067A-438D-81DF-3D6B0C1A182D}.AppStore|ARM.ActiveCfg = Debug|Any CPU
		{58EBD46A-067A-438D-81DF-3D6B0C1A182D}.AppStore|ARM.Build.0 = Debug|Any CPU
		{58EBD46A-067A-438D-81DF-3D6B0C1A182D}.AppStore|iPhone.ActiveCfg = Debug|Any CPU
		{58EBD46A-067A-438D-81DF-3D6B0C1A182D}.AppStore|iPhone.Build.0 = Debug|Any CPU
		{58EBD46A-067A-438D-81DF-3D6B0C1A182D}.AppStore|iPhoneSimulator.ActiveCfg = Debug|Any CPU
		{58EBD46A-067A-438D-81DF-3D6B0C1A182D}.AppStore|iPhoneSimulator.Build.0 = Debug|Any CPU
		{58EBD46A-067A-438D-81DF-3D6B0C1A182D}.AppStore|x64.ActiveCfg = Debug|Any CPU
		{58EBD46A-067A-438D-81DF-3D6B0C1A182D}.AppStore|x64.Build.0 = Debug|Any CPU
		{58EBD46A-067A-438D-81DF-3D6B0C1A182D}.AppStore|x86.ActiveCfg = Debug|Any CPU
		{58EBD46A-067A-438D-81DF-3D6B0C1A182D}.AppStore|x86.Build.0 = Debug|Any CPU
		{58EBD46A-067A-438D-81DF-3D6B0C1A182D}.Debug|Any CPU.ActiveCfg = Debug|Any CPU
		{58EBD46A-067A-438D-81DF-3D6B0C1A182D}.Debug|Any CPU.Build.0 = Debug|Any CPU
		{58EBD46A-067A-438D-81DF-3D6B0C1A182D}.Debug|ARM.ActiveCfg = Debug|Any CPU
		{58EBD46A-067A-438D-81DF-3D6B0C1A182D}.Debug|ARM.Build.0 = Debug|Any CPU
		{58EBD46A-067A-438D-81DF-3D6B0C1A182D}.Debug|iPhone.ActiveCfg = Debug|Any CPU
		{58EBD46A-067A-438D-81DF-3D6B0C1A182D}.Debug|iPhone.Build.0 = Debug|Any CPU
		{58EBD46A-067A-438D-81DF-3D6B0C1A182D}.Debug|iPhoneSimulator.ActiveCfg = Debug|Any CPU
		{58EBD46A-067A-438D-81DF-3D6B0C1A182D}.Debug|iPhoneSimulator.Build.0 = Debug|Any CPU
		{58EBD46A-067A-438D-81DF-3D6B0C1A182D}.Debug|x64.ActiveCfg = Debug|Any CPU
		{58EBD46A-067A-438D-81DF-3D6B0C1A182D}.Debug|x64.Build.0 = Debug|Any CPU
		{58EBD46A-067A-438D-81DF-3D6B0C1A182D}.Debug|x86.ActiveCfg = Debug|Any CPU
		{58EBD46A-067A-438D-81DF-3D6B0C1A182D}.Debug|x86.Build.0 = Debug|Any CPU
		{58EBD46A-067A-438D-81DF-3D6B0C1A182D}.Release|Any CPU.ActiveCfg = Release|Any CPU
		{58EBD46A-067A-438D-81DF-3D6B0C1A182D}.Release|Any CPU.Build.0 = Release|Any CPU
		{58EBD46A-067A-438D-81DF-3D6B0C1A182D}.Release|ARM.ActiveCfg = Release|Any CPU
		{58EBD46A-067A-438D-81DF-3D6B0C1A182D}.Release|ARM.Build.0 = Release|Any CPU
		{58EBD46A-067A-438D-81DF-3D6B0C1A182D}.Release|iPhone.ActiveCfg = Release|Any CPU
		{58EBD46A-067A-438D-81DF-3D6B0C1A182D}.Release|iPhone.Build.0 = Release|Any CPU
		{58EBD46A-067A-438D-81DF-3D6B0C1A182D}.Release|iPhoneSimulator.ActiveCfg = Release|Any CPU
		{58EBD46A-067A-438D-81DF-3D6B0C1A182D}.Release|iPhoneSimulator.Build.0 = Release|Any CPU
		{58EBD46A-067A-438D-81DF-3D6B0C1A182D}.Release|x64.ActiveCfg = Release|Any CPU
		{58EBD46A-067A-438D-81DF-3D6B0C1A182D}.Release|x64.Build.0 = Release|Any CPU
		{58EBD46A-067A-438D-81DF-3D6B0C1A182D}.Release|x86.ActiveCfg = Release|Any CPU
		{58EBD46A-067A-438D-81DF-3D6B0C1A182D}.Release|x86.Build.0 = Release|Any CPU
		{2A57C8BC-47B6-4119-B96C-6E7683F01B58}.Ad-Hoc|Any CPU.ActiveCfg = Debug|Any CPU
		{2A57C8BC-47B6-4119-B96C-6E7683F01B58}.Ad-Hoc|Any CPU.Build.0 = Debug|Any CPU
		{2A57C8BC-47B6-4119-B96C-6E7683F01B58}.Ad-Hoc|ARM.ActiveCfg = Debug|Any CPU
		{2A57C8BC-47B6-4119-B96C-6E7683F01B58}.Ad-Hoc|ARM.Build.0 = Debug|Any CPU
		{2A57C8BC-47B6-4119-B96C-6E7683F01B58}.Ad-Hoc|iPhone.ActiveCfg = Debug|Any CPU
		{2A57C8BC-47B6-4119-B96C-6E7683F01B58}.Ad-Hoc|iPhone.Build.0 = Debug|Any CPU
		{2A57C8BC-47B6-4119-B96C-6E7683F01B58}.Ad-Hoc|iPhoneSimulator.ActiveCfg = Debug|Any CPU
		{2A57C8BC-47B6-4119-B96C-6E7683F01B58}.Ad-Hoc|iPhoneSimulator.Build.0 = Debug|Any CPU
		{2A57C8BC-47B6-4119-B96C-6E7683F01B58}.Ad-Hoc|x64.ActiveCfg = Debug|Any CPU
		{2A57C8BC-47B6-4119-B96C-6E7683F01B58}.Ad-Hoc|x64.Build.0 = Debug|Any CPU
		{2A57C8BC-47B6-4119-B96C-6E7683F01B58}.Ad-Hoc|x86.ActiveCfg = Debug|Any CPU
		{2A57C8BC-47B6-4119-B96C-6E7683F01B58}.Ad-Hoc|x86.Build.0 = Debug|Any CPU
		{2A57C8BC-47B6-4119-B96C-6E7683F01B58}.AppStore|Any CPU.ActiveCfg = Debug|Any CPU
		{2A57C8BC-47B6-4119-B96C-6E7683F01B58}.AppStore|Any CPU.Build.0 = Debug|Any CPU
		{2A57C8BC-47B6-4119-B96C-6E7683F01B58}.AppStore|ARM.ActiveCfg = Debug|Any CPU
		{2A57C8BC-47B6-4119-B96C-6E7683F01B58}.AppStore|ARM.Build.0 = Debug|Any CPU
		{2A57C8BC-47B6-4119-B96C-6E7683F01B58}.AppStore|iPhone.ActiveCfg = Debug|Any CPU
		{2A57C8BC-47B6-4119-B96C-6E7683F01B58}.AppStore|iPhone.Build.0 = Debug|Any CPU
		{2A57C8BC-47B6-4119-B96C-6E7683F01B58}.AppStore|iPhoneSimulator.ActiveCfg = Debug|Any CPU
		{2A57C8BC-47B6-4119-B96C-6E7683F01B58}.AppStore|iPhoneSimulator.Build.0 = Debug|Any CPU
		{2A57C8BC-47B6-4119-B96C-6E7683F01B58}.AppStore|x64.ActiveCfg = Debug|Any CPU
		{2A57C8BC-47B6-4119-B96C-6E7683F01B58}.AppStore|x64.Build.0 = Debug|Any CPU
		{2A57C8BC-47B6-4119-B96C-6E7683F01B58}.AppStore|x86.ActiveCfg = Debug|Any CPU
		{2A57C8BC-47B6-4119-B96C-6E7683F01B58}.AppStore|x86.Build.0 = Debug|Any CPU
		{2A57C8BC-47B6-4119-B96C-6E7683F01B58}.Debug|Any CPU.ActiveCfg = Debug|Any CPU
		{2A57C8BC-47B6-4119-B96C-6E7683F01B58}.Debug|Any CPU.Build.0 = Debug|Any CPU
		{2A57C8BC-47B6-4119-B96C-6E7683F01B58}.Debug|ARM.ActiveCfg = Debug|Any CPU
		{2A57C8BC-47B6-4119-B96C-6E7683F01B58}.Debug|ARM.Build.0 = Debug|Any CPU
		{2A57C8BC-47B6-4119-B96C-6E7683F01B58}.Debug|iPhone.ActiveCfg = Debug|Any CPU
		{2A57C8BC-47B6-4119-B96C-6E7683F01B58}.Debug|iPhone.Build.0 = Debug|Any CPU
		{2A57C8BC-47B6-4119-B96C-6E7683F01B58}.Debug|iPhoneSimulator.ActiveCfg = Debug|Any CPU
		{2A57C8BC-47B6-4119-B96C-6E7683F01B58}.Debug|iPhoneSimulator.Build.0 = Debug|Any CPU
		{2A57C8BC-47B6-4119-B96C-6E7683F01B58}.Debug|x64.ActiveCfg = Debug|Any CPU
		{2A57C8BC-47B6-4119-B96C-6E7683F01B58}.Debug|x64.Build.0 = Debug|Any CPU
		{2A57C8BC-47B6-4119-B96C-6E7683F01B58}.Debug|x86.ActiveCfg = Debug|Any CPU
		{2A57C8BC-47B6-4119-B96C-6E7683F01B58}.Debug|x86.Build.0 = Debug|Any CPU
		{2A57C8BC-47B6-4119-B96C-6E7683F01B58}.Release|Any CPU.ActiveCfg = Release|Any CPU
		{2A57C8BC-47B6-4119-B96C-6E7683F01B58}.Release|Any CPU.Build.0 = Release|Any CPU
		{2A57C8BC-47B6-4119-B96C-6E7683F01B58}.Release|ARM.ActiveCfg = Release|Any CPU
		{2A57C8BC-47B6-4119-B96C-6E7683F01B58}.Release|ARM.Build.0 = Release|Any CPU
		{2A57C8BC-47B6-4119-B96C-6E7683F01B58}.Release|iPhone.ActiveCfg = Release|Any CPU
		{2A57C8BC-47B6-4119-B96C-6E7683F01B58}.Release|iPhone.Build.0 = Release|Any CPU
		{2A57C8BC-47B6-4119-B96C-6E7683F01B58}.Release|iPhoneSimulator.ActiveCfg = Release|Any CPU
		{2A57C8BC-47B6-4119-B96C-6E7683F01B58}.Release|iPhoneSimulator.Build.0 = Release|Any CPU
		{2A57C8BC-47B6-4119-B96C-6E7683F01B58}.Release|x64.ActiveCfg = Release|Any CPU
		{2A57C8BC-47B6-4119-B96C-6E7683F01B58}.Release|x64.Build.0 = Release|Any CPU
		{2A57C8BC-47B6-4119-B96C-6E7683F01B58}.Release|x86.ActiveCfg = Release|Any CPU
		{2A57C8BC-47B6-4119-B96C-6E7683F01B58}.Release|x86.Build.0 = Release|Any CPU
	EndGlobalSection
	GlobalSection(SolutionProperties) = preSolution
		HideSolutionNode = FALSE
	EndGlobalSection
	GlobalSection(ExtensibilityGlobals) = postSolution
		SolutionGuid = {C6219C20-54DD-47B7-9160-16665A38C5E2}
	EndGlobalSection
EndGlobal
